// !$*UTF8*$!
{
	archiveVersion = 1;
	classes = {
	};
	objectVersion = 56;
	objects = {

/* Begin PBXBuildFile section */
		154E61562C1D0E6300B7C5F4 /* AppDelegate.swift in Sources */ = {isa = PBXBuildFile; fileRef = 154E61552C1D0E6300B7C5F4 /* AppDelegate.swift */; };
		154E61582C1D0E6300B7C5F4 /* SceneDelegate.swift in Sources */ = {isa = PBXBuildFile; fileRef = 154E61572C1D0E6300B7C5F4 /* SceneDelegate.swift */; };
		154E615A2C1D0E6300B7C5F4 /* MainViewController.swift in Sources */ = {isa = PBXBuildFile; fileRef = 154E61592C1D0E6300B7C5F4 /* MainViewController.swift */; };
		154E615D2C1D0E6300B7C5F4 /* Base in Resources */ = {isa = PBXBuildFile; fileRef = 154E615C2C1D0E6300B7C5F4 /* Base */; };
		154E615F2C1D0E6500B7C5F4 /* Assets.xcassets in Resources */ = {isa = PBXBuildFile; fileRef = 154E615E2C1D0E6500B7C5F4 /* Assets.xcassets */; };
		154E61622C1D0E6500B7C5F4 /* Base in Resources */ = {isa = PBXBuildFile; fileRef = 154E61612C1D0E6500B7C5F4 /* Base */; };
		154E616A2C1D0EF900B7C5F4 /* AddEditViewController.swift in Sources */ = {isa = PBXBuildFile; fileRef = 154E61692C1D0EF900B7C5F4 /* AddEditViewController.swift */; };
		154E616C2C1DF97F00B7C5F4 /* CalendarViewController.swift in Sources */ = {isa = PBXBuildFile; fileRef = 154E616B2C1DF97F00B7C5F4 /* CalendarViewController.swift */; };
		1554EA8D2C1E16C7000FD218 /* PomodoroViewController.swift in Sources */ = {isa = PBXBuildFile; fileRef = 1554EA8C2C1E16C7000FD218 /* PomodoroViewController.swift */; };
/* End PBXBuildFile section */

/* Begin PBXFileReference section */
		154E61522C1D0E6300B7C5F4 /* pomoList.app */ = {isa = PBXFileReference; explicitFileType = wrapper.application; includeInIndex = 0; path = pomoList.app; sourceTree = BUILT_PRODUCTS_DIR; };
		154E61552C1D0E6300B7C5F4 /* AppDelegate.swift */ = {isa = PBXFileReference; lastKnownFileType = sourcecode.swift; path = AppDelegate.swift; sourceTree = "<group>"; };
		154E61572C1D0E6300B7C5F4 /* SceneDelegate.swift */ = {isa = PBXFileReference; lastKnownFileType = sourcecode.swift; path = SceneDelegate.swift; sourceTree = "<group>"; };
		154E61592C1D0E6300B7C5F4 /* MainViewController.swift */ = {isa = PBXFileReference; lastKnownFileType = sourcecode.swift; path = MainViewController.swift; sourceTree = "<group>"; };
		154E615C2C1D0E6300B7C5F4 /* Base */ = {isa = PBXFileReference; lastKnownFileType = file.storyboard; name = Base; path = Base.lproj/Main.storyboard; sourceTree = "<group>"; };
		154E615E2C1D0E6500B7C5F4 /* Assets.xcassets */ = {isa = PBXFileReference; lastKnownFileType = folder.assetcatalog; path = Assets.xcassets; sourceTree = "<group>"; };
		154E61612C1D0E6500B7C5F4 /* Base */ = {isa = PBXFileReference; lastKnownFileType = file.storyboard; name = Base; path = Base.lproj/LaunchScreen.storyboard; sourceTree = "<group>"; };
		154E61632C1D0E6500B7C5F4 /* Info.plist */ = {isa = PBXFileReference; lastKnownFileType = text.plist.xml; path = Info.plist; sourceTree = "<group>"; };
		154E61692C1D0EF900B7C5F4 /* AddEditViewController.swift */ = {isa = PBXFileReference; lastKnownFileType = sourcecode.swift; path = AddEditViewController.swift; sourceTree = "<group>"; };
		154E616B2C1DF97F00B7C5F4 /* CalendarViewController.swift */ = {isa = PBXFileReference; lastKnownFileType = sourcecode.swift; path = CalendarViewController.swift; sourceTree = "<group>"; };
		1554EA8C2C1E16C7000FD218 /* PomodoroViewController.swift */ = {isa = PBXFileReference; lastKnownFileType = sourcecode.swift; path = PomodoroViewController.swift; sourceTree = "<group>"; };
/* End PBXFileReference section */

/* Begin PBXFrameworksBuildPhase section */
		154E614F2C1D0E6300B7C5F4 /* Frameworks */ = {
			isa = PBXFrameworksBuildPhase;
			buildActionMask = 2147483647;
			files = (
			);
			runOnlyForDeploymentPostprocessing = 0;
		};
/* End PBXFrameworksBuildPhase section */

/* Begin PBXGroup section */
		154E61492C1D0E6300B7C5F4 = {
			isa = PBXGroup;
			children = (
				154E61542C1D0E6300B7C5F4 /* pomoList */,
				154E61532C1D0E6300B7C5F4 /* Products */,
			);
			sourceTree = "<group>";
		};
		154E61532C1D0E6300B7C5F4 /* Products */ = {
			isa = PBXGroup;
			children = (
				154E61522C1D0E6300B7C5F4 /* pomoList.app */,
			);
			name = Products;
			sourceTree = "<group>";
		};
		154E61542C1D0E6300B7C5F4 /* pomoList */ = {
			isa = PBXGroup;
			children = (
				1554EA8C2C1E16C7000FD218 /* PomodoroViewController.swift */,
				154E616B2C1DF97F00B7C5F4 /* CalendarViewController.swift */,
				154E61552C1D0E6300B7C5F4 /* AppDelegate.swift */,
				154E61572C1D0E6300B7C5F4 /* SceneDelegate.swift */,
				154E61592C1D0E6300B7C5F4 /* MainViewController.swift */,
				154E615B2C1D0E6300B7C5F4 /* Main.storyboard */,
				154E615E2C1D0E6500B7C5F4 /* Assets.xcassets */,
				154E61602C1D0E6500B7C5F4 /* LaunchScreen.storyboard */,
				154E61632C1D0E6500B7C5F4 /* Info.plist */,
				154E61692C1D0EF900B7C5F4 /* AddEditViewController.swift */,
			);
			path = pomoList;
			sourceTree = "<group>";
		};
/* End PBXGroup section */

/* Begin PBXNativeTarget section */
		154E61512C1D0E6300B7C5F4 /* pomoList */ = {
			isa = PBXNativeTarget;
			buildConfigurationList = 154E61662C1D0E6500B7C5F4 /* Build configuration list for PBXNativeTarget "pomoList" */;
			buildPhases = (
				154E614E2C1D0E6300B7C5F4 /* Sources */,
				154E614F2C1D0E6300B7C5F4 /* Frameworks */,
				154E61502C1D0E6300B7C5F4 /* Resources */,
			);
			buildRules = (
			);
			dependencies = (
			);
			name = pomoList;
			productName = pomoList;
			productReference = 154E61522C1D0E6300B7C5F4 /* pomoList.app */;
			productType = "com.apple.product-type.application";
		};
/* End PBXNativeTarget section */

/* Begin PBXProject section */
		154E614A2C1D0E6300B7C5F4 /* Project object */ = {
			isa = PBXProject;
			attributes = {
				BuildIndependentTargetsInParallel = 1;
				LastSwiftUpdateCheck = 1540;
				LastUpgradeCheck = 1540;
				TargetAttributes = {
					154E61512C1D0E6300B7C5F4 = {
						CreatedOnToolsVersion = 15.4;
					};
				};
			};
			buildConfigurationList = 154E614D2C1D0E6300B7C5F4 /* Build configuration list for PBXProject "pomoList" */;
			compatibilityVersion = "Xcode 14.0";
			developmentRegion = en;
			hasScannedForEncodings = 0;
			knownRegions = (
				en,
				Base,
			);
			mainGroup = 154E61492C1D0E6300B7C5F4;
			productRefGroup = 154E61532C1D0E6300B7C5F4 /* Products */;
			projectDirPath = "";
			projectRoot = "";
			targets = (
				154E61512C1D0E6300B7C5F4 /* pomoList */,
			);
		};
/* End PBXProject section */

/* Begin PBXResourcesBuildPhase section */
		154E61502C1D0E6300B7C5F4 /* Resources */ = {
			isa = PBXResourcesBuildPhase;
			buildActionMask = 2147483647;
			files = (
				154E615F2C1D0E6500B7C5F4 /* Assets.xcassets in Resources */,
				154E61622C1D0E6500B7C5F4 /* Base in Resources */,
				154E615D2C1D0E6300B7C5F4 /* Base in Resources */,
			);
			runOnlyForDeploymentPostprocessing = 0;
		};
/* End PBXResourcesBuildPhase section */

/* Begin PBXSourcesBuildPhase section */
		154E614E2C1D0E6300B7C5F4 /* Sources */ = {
			isa = PBXSourcesBuildPhase;
			buildActionMask = 2147483647;
			files = (
				154E616C2C1DF97F00B7C5F4 /* CalendarViewController.swift in Sources */,
				154E616A2C1D0EF900B7C5F4 /* AddEditViewController.swift in Sources */,
				154E615A2C1D0E6300B7C5F4 /* MainViewController.swift in Sources */,
				1554EA8D2C1E16C7000FD218 /* PomodoroViewController.swift in Sources */,
				154E61562C1D0E6300B7C5F4 /* AppDelegate.swift in Sources */,
				154E61582C1D0E6300B7C5F4 /* SceneDelegate.swift in Sources */,
			);
			runOnlyForDeploymentPostprocessing = 0;
		};
/* End PBXSourcesBuildPhase section */

/* Begin PBXVariantGroup section */
		154E615B2C1D0E6300B7C5F4 /* Main.storyboard */ = {
			isa = PBXVariantGroup;
			children = (
				154E615C2C1D0E6300B7C5F4 /* Base */,
			);
			name = Main.storyboard;
			sourceTree = "<group>";
		};
		154E61602C1D0E6500B7C5F4 /* LaunchScreen.storyboard */ = {
			isa = PBXVariantGroup;
			children = (
				154E61612C1D0E6500B7C5F4 /* Base */,
			);
			name = LaunchScreen.storyboard;
			sourceTree = "<group>";
		};
/* End PBXVariantGroup section */

/* Begin XCBuildConfiguration section */
		154E61642C1D0E6500B7C5F4 /* Debug */ = {
			isa = XCBuildConfiguration;
			buildSettings = {
				ALWAYS_SEARCH_USER_PATHS = NO;
				ASSETCATALOG_COMPILER_GENERATE_SWIFT_ASSET_SYMBOL_EXTENSIONS = YES;
				CLANG_ANALYZER_NONNULL = YES;
				CLANG_ANALYZER_NUMBER_OBJECT_CONVERSION = YES_AGGRESSIVE;
				CLANG_CXX_LANGUAGE_STANDARD = "gnu++20";
				CLANG_ENABLE_MODULES = YES;
				CLANG_ENABLE_OBJC_ARC = YES;
				CLANG_ENABLE_OBJC_WEAK = YES;
				CLANG_WARN_BLOCK_CAPTURE_AUTORELEASING = YES;
				CLANG_WARN_BOOL_CONVERSION = YES;
				CLANG_WARN_COMMA = YES;
				CLANG_WARN_CONSTANT_CONVERSION = YES;
				CLANG_WARN_DEPRECATED_OBJC_IMPLEMENTATIONS = YES;
				CLANG_WARN_DIRECT_OBJC_ISA_USAGE = YES_ERROR;
				CLANG_WARN_DOCUMENTATION_COMMENTS = YES;
				CLANG_WARN_EMPTY_BODY = YES;
				CLANG_WARN_ENUM_CONVERSION = YES;
				CLANG_WARN_INFINITE_RECURSION = YES;
				CLANG_WARN_INT_CONVERSION = YES;
				CLANG_WARN_NON_LITERAL_NULL_CONVERSION = YES;
				CLANG_WARN_OBJC_IMPLICIT_RETAIN_SELF = YES;
				CLANG_WARN_OBJC_LITERAL_CONVERSION = YES;
				CLANG_WARN_OBJC_ROOT_CLASS = YES_ERROR;
				CLANG_WARN_QUOTED_INCLUDE_IN_FRAMEWORK_HEADER = YES;
				CLANG_WARN_RANGE_LOOP_ANALYSIS = YES;
				CLANG_WARN_STRICT_PROTOTYPES = YES;
				CLANG_WARN_SUSPICIOUS_MOVE = YES;
				CLANG_WARN_UNGUARDED_AVAILABILITY = YES_AGGRESSIVE;
				CLANG_WARN_UNREACHABLE_CODE = YES;
				CLANG_WARN__DUPLICATE_METHOD_MATCH = YES;
				COPY_PHASE_STRIP = NO;
				DEBUG_INFORMATION_FORMAT = dwarf;
				ENABLE_STRICT_OBJC_MSGSEND = YES;
				ENABLE_TESTABILITY = YES;
				ENABLE_USER_SCRIPT_SANDBOXING = YES;
				GCC_C_LANGUAGE_STANDARD = gnu17;
				GCC_DYNAMIC_NO_PIC = NO;
				GCC_NO_COMMON_BLOCKS = YES;
				GCC_OPTIMIZATION_LEVEL = 0;
				GCC_PREPROCESSOR_DEFINITIONS = (
					"DEBUG=1",
					"$(inherited)",
				);
				GCC_WARN_64_TO_32_BIT_CONVERSION = YES;
				GCC_WARN_ABOUT_RETURN_TYPE = YES_ERROR;
				GCC_WARN_UNDECLARED_SELECTOR = YES;
				GCC_WARN_UNINITIALIZED_AUTOS = YES_AGGRESSIVE;
				GCC_WARN_UNUSED_FUNCTION = YES;
				GCC_WARN_UNUSED_VARIABLE = YES;
				IPHONEOS_DEPLOYMENT_TARGET = 17.5;
				LOCALIZATION_PREFERS_STRING_CATALOGS = YES;
				MTL_ENABLE_DEBUG_INFO = INCLUDE_SOURCE;
				MTL_FAST_MATH = YES;
				ONLY_ACTIVE_ARCH = YES;
				SDKROOT = iphoneos;
				SWIFT_ACTIVE_COMPILATION_CONDITIONS = "DEBUG $(inherited)";
				SWIFT_OPTIMIZATION_LEVEL = "-Onone";
			};
			name = Debug;
		};
		154E61652C1D0E6500B7C5F4 /* Release */ = {
			isa = XCBuildConfiguration;
			buildSettings = {
				ALWAYS_SEARCH_USER_PATHS = NO;
				ASSETCATALOG_COMPILER_GENERATE_SWIFT_ASSET_SYMBOL_EXTENSIONS = YES;
				CLANG_ANALYZER_NONNULL = YES;
				CLANG_ANALYZER_NUMBER_OBJECT_CONVERSION = YES_AGGRESSIVE;
				CLANG_CXX_LANGUAGE_STANDARD = "gnu++20";
				CLANG_ENABLE_MODULES = YES;
				CLANG_ENABLE_OBJC_ARC = YES;
				CLANG_ENABLE_OBJC_WEAK = YES;
				CLANG_WARN_BLOCK_CAPTURE_AUTORELEASING = YES;
				CLANG_WARN_BOOL_CONVERSION = YES;
				CLANG_WARN_COMMA = YES;
				CLANG_WARN_CONSTANT_CONVERSION = YES;
				CLANG_WARN_DEPRECATED_OBJC_IMPLEMENTATIONS = YES;
				CLANG_WARN_DIRECT_OBJC_ISA_USAGE = YES_ERROR;
				CLANG_WARN_DOCUMENTATION_COMMENTS = YES;
				CLANG_WARN_EMPTY_BODY = YES;
				CLANG_WARN_ENUM_CONVERSION = YES;
				CLANG_WARN_INFINITE_RECURSION = YES;
				CLANG_WARN_INT_CONVERSION = YES;
				CLANG_WARN_NON_LITERAL_NULL_CONVERSION = YES;
				CLANG_WARN_OBJC_IMPLICIT_RETAIN_SELF = YES;
				CLANG_WARN_OBJC_LITERAL_CONVERSION = YES;
				CLANG_WARN_OBJC_ROOT_CLASS = YES_ERROR;
				CLANG_WARN_QUOTED_INCLUDE_IN_FRAMEWORK_HEADER = YES;
				CLANG_WARN_RANGE_LOOP_ANALYSIS = YES;
				CLANG_WARN_STRICT_PROTOTYPES = YES;
				CLANG_WARN_SUSPICIOUS_MOVE = YES;
				CLANG_WARN_UNGUARDED_AVAILABILITY = YES_AGGRESSIVE;
				CLANG_WARN_UNREACHABLE_CODE = YES;
				CLANG_WARN__DUPLICATE_METHOD_MATCH = YES;
				COPY_PHASE_STRIP = NO;
				DEBUG_INFORMATION_FORMAT = "dwarf-with-dsym";
				ENABLE_NS_ASSERTIONS = NO;
				ENABLE_STRICT_OBJC_MSGSEND = YES;
				ENABLE_USER_SCRIPT_SANDBOXING = YES;
				GCC_C_LANGUAGE_STANDARD = gnu17;
				GCC_NO_COMMON_BLOCKS = YES;
				GCC_WARN_64_TO_32_BIT_CONVERSION = YES;
				GCC_WARN_ABOUT_RETURN_TYPE = YES_ERROR;
				GCC_WARN_UNDECLARED_SELECTOR = YES;
				GCC_WARN_UNINITIALIZED_AUTOS = YES_AGGRESSIVE;
				GCC_WARN_UNUSED_FUNCTION = YES;
				GCC_WARN_UNUSED_VARIABLE = YES;
				IPHONEOS_DEPLOYMENT_TARGET = 17.5;
				LOCALIZATION_PREFERS_STRING_CATALOGS = YES;
				MTL_ENABLE_DEBUG_INFO = NO;
				MTL_FAST_MATH = YES;
				SDKROOT = iphoneos;
				SWIFT_COMPILATION_MODE = wholemodule;
				VALIDATE_PRODUCT = YES;
			};
			name = Release;
		};
		154E61672C1D0E6500B7C5F4 /* Debug */ = {
			isa = XCBuildConfiguration;
			buildSettings = {
				ASSETCATALOG_COMPILER_APPICON_NAME = AppIcon;
				ASSETCATALOG_COMPILER_GLOBAL_ACCENT_COLOR_NAME = AccentColor;
				CODE_SIGN_STYLE = Automatic;
				CURRENT_PROJECT_VERSION = 1;
				GENERATE_INFOPLIST_FILE = YES;
				INFOPLIST_FILE = pomoList/Info.plist;
				INFOPLIST_KEY_UIApplicationSupportsIndirectInputEvents = YES;
				INFOPLIST_KEY_UILaunchStoryboardName = LaunchScreen;
				INFOPLIST_KEY_UIMainStoryboardFile = Main;
				INFOPLIST_KEY_UISupportedInterfaceOrientations_iPad = "UIInterfaceOrientationPortrait UIInterfaceOrientationPortraitUpsideDown UIInterfaceOrientationLandscapeLeft UIInterfaceOrientationLandscapeRight";
				INFOPLIST_KEY_UISupportedInterfaceOrientations_iPhone = "UIInterfaceOrientationPortrait UIInterfaceOrientationLandscapeLeft UIInterfaceOrientationLandscapeRight";
				LD_RUNPATH_SEARCH_PATHS = (
					"$(inherited)",
					"@executable_path/Frameworks",
				);
				MARKETING_VERSION = 1.0;
				PRODUCT_BUNDLE_IDENTIFIER = me.ferin.chowarun.pomoList;
				PRODUCT_NAME = "$(TARGET_NAME)";
				SUPPORTED_PLATFORMS = "iphoneos iphonesimulator";
				SUPPORTS_MACCATALYST = NO;
				SUPPORTS_MAC_DESIGNED_FOR_IPHONE_IPAD = NO;
				SUPPORTS_XR_DESIGNED_FOR_IPHONE_IPAD = NO;
				SWIFT_EMIT_LOC_STRINGS = YES;
				SWIFT_VERSION = 5.0;
				TARGETED_DEVICE_FAMILY = "1,2";
			};
			name = Debug;
		};
		154E61682C1D0E6500B7C5F4 /* Release */ = {
			isa = XCBuildConfiguration;
			buildSettings = {
				ASSETCATALOG_COMPILER_APPICON_NAME = AppIcon;
				ASSETCATALOG_COMPILER_GLOBAL_ACCENT_COLOR_NAME = AccentColor;
				CODE_SIGN_STYLE = Automatic;
				CURRENT_PROJECT_VERSION = 1;
				GENERATE_INFOPLIST_FILE = YES;
				INFOPLIST_FILE = pomoList/Info.plist;
				INFOPLIST_KEY_UIApplicationSupportsIndirectInputEvents = YES;
				INFOPLIST_KEY_UILaunchStoryboardName = LaunchScreen;
				INFOPLIST_KEY_UIMainStoryboardFile = Main;
				INFOPLIST_KEY_UISupportedInterfaceOrientations_iPad = "UIInterfaceOrientationPortrait UIInterfaceOrientationPortraitUpsideDown UIInterfaceOrientationLandscapeLeft UIInterfaceOrientationLandscapeRight";
				INFOPLIST_KEY_UISupportedInterfaceOrientations_iPhone = "UIInterfaceOrientationPortrait UIInterfaceOrientationLandscapeLeft UIInterfaceOrientationLandscapeRight";
				LD_RUNPATH_SEARCH_PATHS = (
					"$(inherited)",
					"@executable_path/Frameworks",
				);
				MARKETING_VERSION = 1.0;
				PRODUCT_BUNDLE_IDENTIFIER = me.ferin.chowarun.pomoList;
				PRODUCT_NAME = "$(TARGET_NAME)";
				SUPPORTED_PLATFORMS = "iphoneos iphonesimulator";
				SUPPORTS_MACCATALYST = NO;
				SUPPORTS_MAC_DESIGNED_FOR_IPHONE_IPAD = NO;
				SUPPORTS_XR_DESIGNED_FOR_IPHONE_IPAD = NO;
				SWIFT_EMIT_LOC_STRINGS = YES;
				SWIFT_VERSION = 5.0;
				TARGETED_DEVICE_FAMILY = "1,2";
			};
			name = Release;
		};
/* End XCBuildConfiguration section */

/* Begin XCConfigurationList section */
		154E614D2C1D0E6300B7C5F4 /* Build configuration list for PBXProject "pomoList" */ = {
			isa = XCConfigurationList;
			buildConfigurations = (
				154E61642C1D0E6500B7C5F4 /* Debug */,
				154E61652C1D0E6500B7C5F4 /* Release */,
			);
			defaultConfigurationIsVisible = 0;
			defaultConfigurationName = Release;
		};
		154E61662C1D0E6500B7C5F4 /* Build configuration list for PBXNativeTarget "pomoList" */ = {
			isa = XCConfigurationList;
			buildConfigurations = (
				154E61672C1D0E6500B7C5F4 /* Debug */,
				154E61682C1D0E6500B7C5F4 /* Release */,
			);
			defaultConfigurationIsVisible = 0;
			defaultConfigurationName = Release;
		};
/* End XCConfigurationList section */
	};
	rootObject = 154E614A2C1D0E6300B7C5F4 /* Project object */;
}
